
Microsoft Visual Studio Solution File, Format Version 12.00
# Visual Studio Version 17
VisualStudioVersion = 17.13.35919.96 d17.13
MinimumVisualStudioVersion = 10.0.40219.1
Project("{FAE04EC0-301F-11D3-BF4B-00C04F79EFBC}") = "EntityDay5", "EntityDay5.csproj", "{250A9ABD-3F76-46CF-A493-1DF3BA114871}"
EndProject
Global
	GlobalSection(SolutionConfigurationPlatforms) = preSolution
		Debug|Any CPU = Debug|Any CPU
		Release|Any CPU = Release|Any CPU
	EndGlobalSection
	GlobalSection(ProjectConfigurationPlatforms) = postSolution
		{250A9ABD-3F76-46CF-A493-1DF3BA114871}.Debug|Any CPU.ActiveCfg = Debug|Any CPU
		{250A9ABD-3F76-46CF-A493-1DF3BA114871}.Debug|Any CPU.Build.0 = Debug|Any CPU
		{250A9ABD-3F76-46CF-A493-1DF3BA114871}.Release|Any CPU.ActiveCfg = Release|Any CPU
		{250A9ABD-3F76-46CF-A493-1DF3BA114871}.Release|Any CPU.Build.0 = Release|Any CPU
	EndGlobalSection
	GlobalSection(SolutionProperties) = preSolution
		HideSolutionNode = FALSE
	EndGlobalSection
	GlobalSection(ExtensibilityGlobals) = postSolution
		SolutionGuid = {F8EE2888-7870-48CA-9D85-8B03A946810E}
	EndGlobalSection
EndGlobal
